dependencies:
- name: sealed-secrets
  repository: https://bitnami.github.io/sealed-secrets
  version: 2.18.6
- name: argo-cd
  repository: https://argoproj.github.io/argo-helm
  version: 9.6.0
digest: sha256:048247f6cae5f35d69dff87992a384b471d4d95db7f458da40ae88065f133e39
generated: "2026-06-21T22:06:39.589102+03:00"
